
Microsoft Visual Studio Solution File, Format Version 12.00
# Visual Studio Version 16
VisualStudioVersion = 16.0.29905.134
MinimumVisualStudioVersion = 10.0.40219.1
Project("{9A19103F-16F7-4668-BE54-9A1E7A4F7556}") = "PlayWebApp", "PlayWebApp\PlayWebApp.csproj", "{755FD2BD-F35E-4E52-8E2D-AA40A265A171}"
EndProject
Project("{FAE04EC0-301F-11D3-BF4B-00C04F79EFBC}") = "BAL.Core", "BAL.Core\BAL.Core.csproj", "{AE7442C3-BE91-4CF9-8307-85CE391FC598}"
EndProject
Project("{FAE04EC0-301F-11D3-BF4B-00C04F79EFBC}") = "DAL.Core", "DAL.Core\DAL.Core.csproj", "{EE6329C6-4D53-4425-977C-25B32EC0D4D2}"
EndProject
Global
	GlobalSection(SolutionConfigurationPlatforms) = preSolution
		Debug|Any CPU = Debug|Any CPU
		Release|Any CPU = Release|Any CPU
	EndGlobalSection
	GlobalSection(ProjectConfigurationPlatforms) = postSolution
		{755FD2BD-F35E-4E52-8E2D-AA40A265A171}.Debug|Any CPU.ActiveCfg = Debug|Any CPU
		{755FD2BD-F35E-4E52-8E2D-AA40A265A171}.Debug|Any CPU.Build.0 = Debug|Any CPU
		{755FD2BD-F35E-4E52-8E2D-AA40A265A171}.Release|Any CPU.ActiveCfg = Release|Any CPU
		{755FD2BD-F35E-4E52-8E2D-AA40A265A171}.Release|Any CPU.Build.0 = Release|Any CPU
		{AE7442C3-BE91-4CF9-8307-85CE391FC598}.Debug|Any CPU.ActiveCfg = Debug|Any CPU
		{AE7442C3-BE91-4CF9-8307-85CE391FC598}.Debug|Any CPU.Build.0 = Debug|Any CPU
		{AE7442C3-BE91-4CF9-8307-85CE391FC598}.Release|Any CPU.ActiveCfg = Release|Any CPU
		{AE7442C3-BE91-4CF9-8307-85CE391FC598}.Release|Any CPU.Build.0 = Release|Any CPU
		{EE6329C6-4D53-4425-977C-25B32EC0D4D2}.Debug|Any CPU.ActiveCfg = Debug|Any CPU
		{EE6329C6-4D53-4425-977C-25B32EC0D4D2}.Debug|Any CPU.Build.0 = Debug|Any CPU
		{EE6329C6-4D53-4425-977C-25B32EC0D4D2}.Release|Any CPU.ActiveCfg = Release|Any CPU
		{EE6329C6-4D53-4425-977C-25B32EC0D4D2}.Release|Any CPU.Build.0 = Release|Any CPU
	EndGlobalSection
	GlobalSection(SolutionProperties) = preSolution
		HideSolutionNode = FALSE
	EndGlobalSection
	GlobalSection(ExtensibilityGlobals) = postSolution
		SolutionGuid = {197A3300-F1D0-464A-ADA6-9DB3AB8FB502}
	EndGlobalSection
EndGlobal
